
Microsoft Visual Studio Solution File, Format Version 12.00
# Visual Studio Version 17
VisualStudioVersion = 17.4.33213.308
MinimumVisualStudioVersion = 10.0.40219.1
Project("{2150E333-8FDC-42A3-9474-1A3956D46DE8}") = "src", "src", "{923FCCA0-9908-43A4-9BAD-E9F54F66E091}"
	ProjectSection(SolutionItems) = preProject
		README.md = README.md
	EndProjectSection
EndProject
Project("{2150E333-8FDC-42A3-9474-1A3956D46DE8}") = "Services", "Services", "{91B00DA6-CB5B-497A-BAB0-D7639EF5A8FE}"
EndProject
Project("{2150E333-8FDC-42A3-9474-1A3956D46DE8}") = "BuildingBlocks", "BuildingBlocks", "{321861E0-FD2A-4BF5-BEBC-307BC6F2E57A}"
EndProject
Project("{2150E333-8FDC-42A3-9474-1A3956D46DE8}") = "Client", "Client", "{C44328DD-7789-40B7-A7D3-4B9FF5BDE581}"
EndProject
Project("{2150E333-8FDC-42A3-9474-1A3956D46DE8}") = "ApiGateway", "ApiGateway", "{50929626-43B0-42E0-8BBE-A43EEDCE452A}"
EndProject
Project("{2150E333-8FDC-42A3-9474-1A3956D46DE8}") = "IdentityService", "IdentityService", "{4A72159A-B7C1-4CE6-9FCA-0671EBD9CF57}"
EndProject
Project("{9A19103F-16F7-4668-BE54-9A1E7A4F7556}") = "Bidder.IdentityService.Api", "src\Services\IdentityService\Bidder.IdentityService.Api\Bidder.IdentityService.Api.csproj", "{1DA57716-CE9A-4B94-A704-C66BD4A80361}"
EndProject
Project("{9A19103F-16F7-4668-BE54-9A1E7A4F7556}") = "Bidder.IdentityService.Application", "src\Services\IdentityService\Bidder.IdentityService.Application\Bidder.IdentityService.Application.csproj", "{73A64E12-FAB5-43A0-81EC-02F5BE83E75D}"
EndProject
Project("{9A19103F-16F7-4668-BE54-9A1E7A4F7556}") = "Bidder.IdentityService.Domain", "src\Services\IdentityService\Bidder.IdentityService.Domain\Bidder.IdentityService.Domain.csproj", "{FE6E0DC9-0491-4A1E-AB23-376095FFACE4}"
EndProject
Project("{9A19103F-16F7-4668-BE54-9A1E7A4F7556}") = "Bidder.IdentityService.Infastructure", "src\Services\IdentityService\Bidder.IdentityService.Infastructure\Bidder.IdentityService.Infastructure.csproj", "{9019E65E-2D58-4EDC-9DD0-FEBAD03D1513}"
EndProject
Project("{2150E333-8FDC-42A3-9474-1A3956D46DE8}") = "Test", "Test", "{578783F3-B953-4FC8-B04F-5F056320B494}"
EndProject
Project("{9A19103F-16F7-4668-BE54-9A1E7A4F7556}") = "EventBus.Base", "src\BuildingBlocks\EventBus.Base\EventBus.Base.csproj", "{F658C23A-4ABE-4F83-94B9-99AF0793527A}"
EndProject
Project("{9A19103F-16F7-4668-BE54-9A1E7A4F7556}") = "EventBus.Factory", "src\BuildingBlocks\EventBus.Factory\EventBus.Factory.csproj", "{A6A594B0-3EA7-4BEF-B5D6-72B3E82DE650}"
EndProject
Project("{9A19103F-16F7-4668-BE54-9A1E7A4F7556}") = "EventBus.UnitTests", "src\Test\EventBus.UnitTests\EventBus.UnitTests.csproj", "{A499F0B9-91CB-4155-8F92-F4BBD7906E29}"
EndProject
Project("{2150E333-8FDC-42A3-9474-1A3956D46DE8}") = "NotificationService", "NotificationService", "{6C9FDF3D-4A0F-4A7F-8891-2DE7A9752D16}"
EndProject
Project("{2150E333-8FDC-42A3-9474-1A3956D46DE8}") = "SignalRHub", "SignalRHub", "{50E0290B-FDC9-4479-9DCA-B7ABBE0E2500}"
EndProject
Project("{9A19103F-16F7-4668-BE54-9A1E7A4F7556}") = "Bidder.SignalR.Application", "src\Services\SignalRHub\Bidder.SignalR.Application\Bidder.SignalR.Application\Bidder.SignalR.Application.csproj", "{03F13F28-C8AA-48F1-A3B8-6C342FB6F605}"
EndProject
Project("{9A19103F-16F7-4668-BE54-9A1E7A4F7556}") = "Bidder.SignalR.Api", "src\Services\SignalRHub\Bidder.SignalR.Api\Bidder.SignalR.Api.csproj", "{3E6FF314-86B8-495A-A7BD-4E648ACA0C08}"
EndProject
Project("{FAE04EC0-301F-11D3-BF4B-00C04F79EFBC}") = "Bidder.Notification.ServiceWorker", "src\Services\NotificationService\Bidder.Notification.ServiceWorker\Bidder.Notification.ServiceWorker.csproj", "{A6E7D91E-017A-44AD-8557-3FA2F075C253}"
EndProject
Project("{9A19103F-16F7-4668-BE54-9A1E7A4F7556}") = "EventBus.RabbitMQ", "src\BuildingBlocks\EventBus.RabbitMQ\EventBus.RabbitMQ.csproj", "{5F25FABD-C515-4CA2-BAC2-E0E83DE53DE3}"
EndProject
Global
	GlobalSection(SolutionConfigurationPlatforms) = preSolution
		Debug|Any CPU = Debug|Any CPU
		Release|Any CPU = Release|Any CPU
	EndGlobalSection
	GlobalSection(ProjectConfigurationPlatforms) = postSolution
		{1DA57716-CE9A-4B94-A704-C66BD4A80361}.Debug|Any CPU.ActiveCfg = Debug|Any CPU
		{1DA57716-CE9A-4B94-A704-C66BD4A80361}.Debug|Any CPU.Build.0 = Debug|Any CPU
		{1DA57716-CE9A-4B94-A704-C66BD4A80361}.Release|Any CPU.ActiveCfg = Release|Any CPU
		{1DA57716-CE9A-4B94-A704-C66BD4A80361}.Release|Any CPU.Build.0 = Release|Any CPU
		{73A64E12-FAB5-43A0-81EC-02F5BE83E75D}.Debug|Any CPU.ActiveCfg = Debug|Any CPU
		{73A64E12-FAB5-43A0-81EC-02F5BE83E75D}.Debug|Any CPU.Build.0 = Debug|Any CPU
		{73A64E12-FAB5-43A0-81EC-02F5BE83E75D}.Release|Any CPU.ActiveCfg = Release|Any CPU
		{73A64E12-FAB5-43A0-81EC-02F5BE83E75D}.Release|Any CPU.Build.0 = Release|Any CPU
		{FE6E0DC9-0491-4A1E-AB23-376095FFACE4}.Debug|Any CPU.ActiveCfg = Debug|Any CPU
		{FE6E0DC9-0491-4A1E-AB23-376095FFACE4}.Debug|Any CPU.Build.0 = Debug|Any CPU
		{FE6E0DC9-0491-4A1E-AB23-376095FFACE4}.Release|Any CPU.ActiveCfg = Release|Any CPU
		{FE6E0DC9-0491-4A1E-AB23-376095FFACE4}.Release|Any CPU.Build.0 = Release|Any CPU
		{9019E65E-2D58-4EDC-9DD0-FEBAD03D1513}.Debug|Any CPU.ActiveCfg = Debug|Any CPU
		{9019E65E-2D58-4EDC-9DD0-FEBAD03D1513}.Debug|Any CPU.Build.0 = Debug|Any CPU
		{9019E65E-2D58-4EDC-9DD0-FEBAD03D1513}.Release|Any CPU.ActiveCfg = Release|Any CPU
		{9019E65E-2D58-4EDC-9DD0-FEBAD03D1513}.Release|Any CPU.Build.0 = Release|Any CPU
		{F658C23A-4ABE-4F83-94B9-99AF0793527A}.Debug|Any CPU.ActiveCfg = Debug|Any CPU
		{F658C23A-4ABE-4F83-94B9-99AF0793527A}.Debug|Any CPU.Build.0 = Debug|Any CPU
		{F658C23A-4ABE-4F83-94B9-99AF0793527A}.Release|Any CPU.ActiveCfg = Release|Any CPU
		{F658C23A-4ABE-4F83-94B9-99AF0793527A}.Release|Any CPU.Build.0 = Release|Any CPU
		{A6A594B0-3EA7-4BEF-B5D6-72B3E82DE650}.Debug|Any CPU.ActiveCfg = Debug|Any CPU
		{A6A594B0-3EA7-4BEF-B5D6-72B3E82DE650}.Debug|Any CPU.Build.0 = Debug|Any CPU
		{A6A594B0-3EA7-4BEF-B5D6-72B3E82DE650}.Release|Any CPU.ActiveCfg = Release|Any CPU
		{A6A594B0-3EA7-4BEF-B5D6-72B3E82DE650}.Release|Any CPU.Build.0 = Release|Any CPU
		{A499F0B9-91CB-4155-8F92-F4BBD7906E29}.Debug|Any CPU.ActiveCfg = Debug|Any CPU
		{A499F0B9-91CB-4155-8F92-F4BBD7906E29}.Debug|Any CPU.Build.0 = Debug|Any CPU
		{A499F0B9-91CB-4155-8F92-F4BBD7906E29}.Release|Any CPU.ActiveCfg = Release|Any CPU
		{A499F0B9-91CB-4155-8F92-F4BBD7906E29}.Release|Any CPU.Build.0 = Release|Any CPU
		{03F13F28-C8AA-48F1-A3B8-6C342FB6F605}.Debug|Any CPU.ActiveCfg = Debug|Any CPU
		{03F13F28-C8AA-48F1-A3B8-6C342FB6F605}.Debug|Any CPU.Build.0 = Debug|Any CPU
		{03F13F28-C8AA-48F1-A3B8-6C342FB6F605}.Release|Any CPU.ActiveCfg = Release|Any CPU
		{03F13F28-C8AA-48F1-A3B8-6C342FB6F605}.Release|Any CPU.Build.0 = Release|Any CPU
		{3E6FF314-86B8-495A-A7BD-4E648ACA0C08}.Debug|Any CPU.ActiveCfg = Debug|Any CPU
		{3E6FF314-86B8-495A-A7BD-4E648ACA0C08}.Debug|Any CPU.Build.0 = Debug|Any CPU
		{3E6FF314-86B8-495A-A7BD-4E648ACA0C08}.Release|Any CPU.ActiveCfg = Release|Any CPU
		{3E6FF314-86B8-495A-A7BD-4E648ACA0C08}.Release|Any CPU.Build.0 = Release|Any CPU
		{A6E7D91E-017A-44AD-8557-3FA2F075C253}.Debug|Any CPU.ActiveCfg = Debug|Any CPU
		{A6E7D91E-017A-44AD-8557-3FA2F075C253}.Debug|Any CPU.Build.0 = Debug|Any CPU
		{A6E7D91E-017A-44AD-8557-3FA2F075C253}.Release|Any CPU.ActiveCfg = Release|Any CPU
		{A6E7D91E-017A-44AD-8557-3FA2F075C253}.Release|Any CPU.Build.0 = Release|Any CPU
		{5F25FABD-C515-4CA2-BAC2-E0E83DE53DE3}.Debug|Any CPU.ActiveCfg = Debug|Any CPU
		{5F25FABD-C515-4CA2-BAC2-E0E83DE53DE3}.Debug|Any CPU.Build.0 = Debug|Any CPU
		{5F25FABD-C515-4CA2-BAC2-E0E83DE53DE3}.Release|Any CPU.ActiveCfg = Release|Any CPU
		{5F25FABD-C515-4CA2-BAC2-E0E83DE53DE3}.Release|Any CPU.Build.0 = Release|Any CPU
	EndGlobalSection
	GlobalSection(SolutionProperties) = preSolution
		HideSolutionNode = FALSE
	EndGlobalSection
	GlobalSection(NestedProjects) = preSolution
		{91B00DA6-CB5B-497A-BAB0-D7639EF5A8FE} = {923FCCA0-9908-43A4-9BAD-E9F54F66E091}
		{321861E0-FD2A-4BF5-BEBC-307BC6F2E57A} = {923FCCA0-9908-43A4-9BAD-E9F54F66E091}
		{C44328DD-7789-40B7-A7D3-4B9FF5BDE581} = {923FCCA0-9908-43A4-9BAD-E9F54F66E091}
		{50929626-43B0-42E0-8BBE-A43EEDCE452A} = {923FCCA0-9908-43A4-9BAD-E9F54F66E091}
		{4A72159A-B7C1-4CE6-9FCA-0671EBD9CF57} = {91B00DA6-CB5B-497A-BAB0-D7639EF5A8FE}
		{1DA57716-CE9A-4B94-A704-C66BD4A80361} = {4A72159A-B7C1-4CE6-9FCA-0671EBD9CF57}
		{73A64E12-FAB5-43A0-81EC-02F5BE83E75D} = {4A72159A-B7C1-4CE6-9FCA-0671EBD9CF57}
		{FE6E0DC9-0491-4A1E-AB23-376095FFACE4} = {4A72159A-B7C1-4CE6-9FCA-0671EBD9CF57}
		{9019E65E-2D58-4EDC-9DD0-FEBAD03D1513} = {4A72159A-B7C1-4CE6-9FCA-0671EBD9CF57}
		{578783F3-B953-4FC8-B04F-5F056320B494} = {923FCCA0-9908-43A4-9BAD-E9F54F66E091}
		{F658C23A-4ABE-4F83-94B9-99AF0793527A} = {321861E0-FD2A-4BF5-BEBC-307BC6F2E57A}
		{A6A594B0-3EA7-4BEF-B5D6-72B3E82DE650} = {321861E0-FD2A-4BF5-BEBC-307BC6F2E57A}
		{A499F0B9-91CB-4155-8F92-F4BBD7906E29} = {578783F3-B953-4FC8-B04F-5F056320B494}
		{6C9FDF3D-4A0F-4A7F-8891-2DE7A9752D16} = {91B00DA6-CB5B-497A-BAB0-D7639EF5A8FE}
		{50E0290B-FDC9-4479-9DCA-B7ABBE0E2500} = {91B00DA6-CB5B-497A-BAB0-D7639EF5A8FE}
		{03F13F28-C8AA-48F1-A3B8-6C342FB6F605} = {50E0290B-FDC9-4479-9DCA-B7ABBE0E2500}
		{3E6FF314-86B8-495A-A7BD-4E648ACA0C08} = {50E0290B-FDC9-4479-9DCA-B7ABBE0E2500}
		{A6E7D91E-017A-44AD-8557-3FA2F075C253} = {6C9FDF3D-4A0F-4A7F-8891-2DE7A9752D16}
		{5F25FABD-C515-4CA2-BAC2-E0E83DE53DE3} = {321861E0-FD2A-4BF5-BEBC-307BC6F2E57A}
	EndGlobalSection
	GlobalSection(ExtensibilityGlobals) = postSolution
		SolutionGuid = {485A19D1-0A78-4220-9432-923394C977FC}
	EndGlobalSection
EndGlobal
